// !$*UTF8*$!
{
	archiveVersion = 1;
	classes = {
	};
	objectVersion = 46;
	objects = {

/* Begin PBXBuildFile section */
		D42603501C71547D008114BA /* AppDelegate.swift in Sources */ = {isa = PBXBuildFile; fileRef = D426034F1C71547D008114BA /* AppDelegate.swift */; };
		D42603521C71547D008114BA /* ViewController.swift in Sources */ = {isa = PBXBuildFile; fileRef = D42603511C71547D008114BA /* ViewController.swift */; };
		D42603551C71547D008114BA /* Main.storyboard in Resources */ = {isa = PBXBuildFile; fileRef = D42603531C71547D008114BA /* Main.storyboard */; };
		D42603571C71547D008114BA /* Assets.xcassets in Resources */ = {isa = PBXBuildFile; fileRef = D42603561C71547D008114BA /* Assets.xcassets */; };
		D426035A1C71547D008114BA /* LaunchScreen.storyboard in Resources */ = {isa = PBXBuildFile; fileRef = D42603581C71547D008114BA /* LaunchScreen.storyboard */; };
		D42603621C7154BF008114BA /* SCStateChanger.swift in Sources */ = {isa = PBXBuildFile; fileRef = D42603611C7154BF008114BA /* SCStateChanger.swift */; };
		D42603661C7160EE008114BA /* NSTimerExtension.swift in Sources */ = {isa = PBXBuildFile; fileRef = D42603651C7160EE008114BA /* NSTimerExtension.swift */; };
		D49D95241C9200C300A6C65E /* StyleKit.swift in Sources */ = {isa = PBXBuildFile; fileRef = D49D95231C9200C300A6C65E /* StyleKit.swift */; };
/* End PBXBuildFile section */

/* Begin PBXFileReference section */
		D426034C1C71547D008114BA /* StateChanger.app */ = {isa = PBXFileReference; explicitFileType = wrapper.application; includeInIndex = 0; path = StateChanger.app; sourceTree = BUILT_PRODUCTS_DIR; };
		D426034F1C71547D008114BA /* AppDelegate.swift */ = {isa = PBXFileReference; lastKnownFileType = sourcecode.swift; path = AppDelegate.swift; sourceTree = "<group>"; };
		D42603511C71547D008114BA /* ViewController.swift */ = {isa = PBXFileReference; lastKnownFileType = sourcecode.swift; path = ViewController.swift; sourceTree = "<group>"; };
		D42603541C71547D008114BA /* Base */ = {isa = PBXFileReference; lastKnownFileType = file.storyboard; name = Base; path = Base.lproj/Main.storyboard; sourceTree = "<group>"; };
		D42603561C71547D008114BA /* Assets.xcassets */ = {isa = PBXFileReference; lastKnownFileType = folder.assetcatalog; path = Assets.xcassets; sourceTree = "<group>"; };
		D42603591C71547D008114BA /* Base */ = {isa = PBXFileReference; lastKnownFileType = file.storyboard; name = Base; path = Base.lproj/LaunchScreen.storyboard; sourceTree = "<group>"; };
		D426035B1C71547D008114BA /* Info.plist */ = {isa = PBXFileReference; lastKnownFileType = text.plist.xml; path = Info.plist; sourceTree = "<group>"; };
		D42603611C7154BF008114BA /* SCStateChanger.swift */ = {isa = PBXFileReference; fileEncoding = 4; lastKnownFileType = sourcecode.swift; path = SCStateChanger.swift; sourceTree = "<group>"; };
		D42603651C7160EE008114BA /* NSTimerExtension.swift */ = {isa = PBXFileReference; fileEncoding = 4; lastKnownFileType = sourcecode.swift; path = NSTimerExtension.swift; sourceTree = "<group>"; };
		D49D95231C9200C300A6C65E /* StyleKit.swift */ = {isa = PBXFileReference; fileEncoding = 4; lastKnownFileType = sourcecode.swift; path = StyleKit.swift; sourceTree = "<group>"; };
/* End PBXFileReference section */

/* Begin PBXFrameworksBuildPhase section */
		D42603491C71547D008114BA /* Frameworks */ = {
			isa = PBXFrameworksBuildPhase;
			buildActionMask = 2147483647;
			files = (
			);
			runOnlyForDeploymentPostprocessing = 0;
		};
/* End PBXFrameworksBuildPhase section */

/* Begin PBXGroup section */
		D42603431C71547D008114BA = {
			isa = PBXGroup;
			children = (
				D426034E1C71547D008114BA /* StateChanger */,
				D426034D1C71547D008114BA /* Products */,
			);
			sourceTree = "<group>";
		};
		D426034D1C71547D008114BA /* Products */ = {
			isa = PBXGroup;
			children = (
				D426034C1C71547D008114BA /* StateChanger.app */,
			);
			name = Products;
			sourceTree = "<group>";
		};
		D426034E1C71547D008114BA /* StateChanger */ = {
			isa = PBXGroup;
			children = (
				D42603531C71547D008114BA /* Main.storyboard */,
				D426034F1C71547D008114BA /* AppDelegate.swift */,
				D42603511C71547D008114BA /* ViewController.swift */,
				D42603611C7154BF008114BA /* SCStateChanger.swift */,
				D49D95231C9200C300A6C65E /* StyleKit.swift */,
				D42603651C7160EE008114BA /* NSTimerExtension.swift */,
				D42603561C71547D008114BA /* Assets.xcassets */,
				D42603581C71547D008114BA /* LaunchScreen.storyboard */,
				D426035B1C71547D008114BA /* Info.plist */,
			);
			path = StateChanger;
			sourceTree = "<group>";
		};
/* End PBXGroup section */

/* Begin PBXNativeTarget section */
		D426034B1C71547D008114BA /* StateChanger */ = {
			isa = PBXNativeTarget;
			buildConfigurationList = D426035E1C71547D008114BA /* Build configuration list for PBXNativeTarget "StateChanger" */;
			buildPhases = (
				D42603481C71547D008114BA /* Sources */,
				D42603491C71547D008114BA /* Frameworks */,
				D426034A1C71547D008114BA /* Resources */,
			);
			buildRules = (
			);
			dependencies = (
			);
			name = StateChanger;
			productName = StateChanger;
			productReference = D426034C1C71547D008114BA /* StateChanger.app */;
			productType = "com.apple.product-type.application";
		};
/* End PBXNativeTarget section */

/* Begin PBXProject section */
		D42603441C71547D008114BA /* Project object */ = {
			isa = PBXProject;
			attributes = {
				LastSwiftUpdateCheck = 0720;
				LastUpgradeCheck = 0720;
				ORGANIZATIONNAME = "Tom Marks";
				TargetAttributes = {
					D426034B1C71547D008114BA = {
						CreatedOnToolsVersion = 7.2.1;
					};
				};
			};
			buildConfigurationList = D42603471C71547D008114BA /* Build configuration list for PBXProject "StateChanger" */;
			compatibilityVersion = "Xcode 3.2";
			developmentRegion = English;
			hasScannedForEncodings = 0;
			knownRegions = (
				en,
				Base,
			);
			mainGroup = D42603431C71547D008114BA;
			productRefGroup = D426034D1C71547D008114BA /* Products */;
			projectDirPath = "";
			projectRoot = "";
			targets = (
				D426034B1C71547D008114BA /* StateChanger */,
			);
		};
/* End PBXProject section */

/* Begin PBXResourcesBuildPhase section */
		D426034A1C71547D008114BA /* Resources */ = {
			isa = PBXResourcesBuildPhase;
			buildActionMask = 2147483647;
			files = (
				D426035A1C71547D008114BA /* LaunchScreen.storyboard in Resources */,
				D42603571C71547D008114BA /* Assets.xcassets in Resources */,
				D42603551C71547D008114BA /* Main.storyboard in Resources */,
			);
			runOnlyForDeploymentPostprocessing = 0;
		};
/* End PBXResourcesBuildPhase section */

/* Begin PBXSourcesBuildPhase section */
		D42603481C71547D008114BA /* Sources */ = {
			isa = PBXSourcesBuildPhase;
			buildActionMask = 2147483647;
			files = (
				D42603621C7154BF008114BA /* SCStateChanger.swift in Sources */,
				D42603521C71547D008114BA /* ViewController.swift in Sources */,
				D42603661C7160EE008114BA /* NSTimerExtension.swift in Sources */,
				D49D95241C9200C300A6C65E /* StyleKit.swift in Sources */,
				D42603501C71547D008114BA /* AppDelegate.swift in Sources */,
			);
			runOnlyForDeploymentPostprocessing = 0;
		};
/* End PBXSourcesBuildPhase section */

/* Begin PBXVariantGroup section */
		D42603531C71547D008114BA /* Main.storyboard */ = {
			isa = PBXVariantGroup;
			children = (
				D42603541C71547D008114BA /* Base */,
			);
			name = Main.storyboard;
			sourceTree = "<group>";
		};
		D42603581C71547D008114BA /* LaunchScreen.storyboard */ = {
			isa = PBXVariantGroup;
			children = (
				D42603591C71547D008114BA /* Base */,
			);
			name = LaunchScreen.storyboard;
			sourceTree = "<group>";
		};
/* End PBXVariantGroup section */

/* Begin XCBuildConfiguration section */
		D426035C1C71547D008114BA /* Debug */ = {
			isa = XCBuildConfiguration;
			buildSettings = {
				ALWAYS_SEARCH_USER_PATHS = NO;
				CLANG_CXX_LANGUAGE_STANDARD = "gnu++0x";
				CLANG_CXX_LIBRARY = "libc++";
				CLANG_ENABLE_MODULES = YES;
				CLANG_ENABLE_OBJC_ARC = YES;
				CLANG_WARN_BOOL_CONVERSION = YES;
				CLANG_WARN_CONSTANT_CONVERSION = YES;
				CLANG_WARN_DIRECT_OBJC_ISA_USAGE = YES_ERROR;
				CLANG_WARN_EMPTY_BODY = YES;
				CLANG_WARN_ENUM_CONVERSION = YES;
				CLANG_WARN_INT_CONVERSION = YES;
				CLANG_WARN_OBJC_ROOT_CLASS = YES_ERROR;
				CLANG_WARN_UNREACHABLE_CODE = YES;
				CLANG_WARN__DUPLICATE_METHOD_MATCH = YES;
				"CODE_SIGN_IDENTITY[sdk=iphoneos*]" = "iPhone Developer";
				COPY_PHASE_STRIP = NO;
				DEBUG_INFORMATION_FORMAT = dwarf;
				ENABLE_STRICT_OBJC_MSGSEND = YES;
				ENABLE_TESTABILITY = YES;
				GCC_C_LANGUAGE_STANDARD = gnu99;
				GCC_DYNAMIC_NO_PIC = NO;
				GCC_NO_COMMON_BLOCKS = YES;
				GCC_OPTIMIZATION_LEVEL = 0;
				GCC_PREPROCESSOR_DEFINITIONS = (
					"DEBUG=1",
					"$(inherited)",
				);
				GCC_WARN_64_TO_32_BIT_CONVERSION = YES;
				GCC_WARN_ABOUT_RETURN_TYPE = YES_ERROR;
				GCC_WARN_UNDECLARED_SELECTOR = YES;
				GCC_WARN_UNINITIALIZED_AUTOS = YES_AGGRESSIVE;
				GCC_WARN_UNUSED_FUNCTION = YES;
				GCC_WARN_UNUSED_VARIABLE = YES;
				IPHONEOS_DEPLOYMENT_TARGET = 9.2;
				MTL_ENABLE_DEBUG_INFO = YES;
				ONLY_ACTIVE_ARCH = YES;
				SDKROOT = iphoneos;
				SWIFT_OPTIMIZATION_LEVEL = "-Onone";
				TARGETED_DEVICE_FAMILY = "1,2";
			};
			name = Debug;
		};
		D426035D1C71547D008114BA /* Release */ = {
			isa = XCBuildConfiguration;
			buildSettings = {
				ALWAYS_SEARCH_USER_PATHS = NO;
				CLANG_CXX_LANGUAGE_STANDARD = "gnu++0x";
				CLANG_CXX_LIBRARY = "libc++";
				CLANG_ENABLE_MODULES = YES;
				CLANG_ENABLE_OBJC_ARC = YES;
				CLANG_WARN_BOOL_CONVERSION = YES;
				CLANG_WARN_CONSTANT_CONVERSION = YES;
				CLANG_WARN_DIRECT_OBJC_ISA_USAGE = YES_ERROR;
				CLANG_WARN_EMPTY_BODY = YES;
				CLANG_WARN_ENUM_CONVERSION = YES;
				CLANG_WARN_INT_CONVERSION = YES;
				CLANG_WARN_OBJC_ROOT_CLASS = YES_ERROR;
				CLANG_WARN_UNREACHABLE_CODE = YES;
				CLANG_WARN__DUPLICATE_METHOD_MATCH = YES;
				"CODE_SIGN_IDENTITY[sdk=iphoneos*]" = "iPhone Developer";
				COPY_PHASE_STRIP = NO;
				DEBUG_INFORMATION_FORMAT = "dwarf-with-dsym";
				ENABLE_NS_ASSERTIONS = NO;
				ENABLE_STRICT_OBJC_MSGSEND = YES;
				GCC_C_LANGUAGE_STANDARD = gnu99;
				GCC_NO_COMMON_BLOCKS = YES;
				GCC_WARN_64_TO_32_BIT_CONVERSION = YES;
				GCC_WARN_ABOUT_RETURN_TYPE = YES_ERROR;
				GCC_WARN_UNDECLARED_SELECTOR = YES;
				GCC_WARN_UNINITIALIZED_AUTOS = YES_AGGRESSIVE;
				GCC_WARN_UNUSED_FUNCTION = YES;
				GCC_WARN_UNUSED_VARIABLE = YES;
				IPHONEOS_DEPLOYMENT_TARGET = 9.2;
				MTL_ENABLE_DEBUG_INFO = NO;
				SDKROOT = iphoneos;
				TARGETED_DEVICE_FAMILY = "1,2";
				VALIDATE_PRODUCT = YES;
			};
			name = Release;
		};
		D426035F1C71547D008114BA /* Debug */ = {
			isa = XCBuildConfiguration;
			buildSettings = {
				ASSETCATALOG_COMPILER_APPICON_NAME = AppIcon;
				INFOPLIST_FILE = StateChanger/Info.plist;
				LD_RUNPATH_SEARCH_PATHS = "$(inherited) @executable_path/Frameworks";
				PRODUCT_BUNDLE_IDENTIFIER = com.domain.StateChanger;
				PRODUCT_NAME = "$(TARGET_NAME)";
			};
			name = Debug;
		};
		D42603601C71547D008114BA /* Release */ = {
			isa = XCBuildConfiguration;
			buildSettings = {
				ASSETCATALOG_COMPILER_APPICON_NAME = AppIcon;
				INFOPLIST_FILE = StateChanger/Info.plist;
				LD_RUNPATH_SEARCH_PATHS = "$(inherited) @executable_path/Frameworks";
				PRODUCT_BUNDLE_IDENTIFIER = com.domain.StateChanger;
				PRODUCT_NAME = "$(TARGET_NAME)";
			};
			name = Release;
		};
/* End XCBuildConfiguration section */

/* Begin XCConfigurationList section */
		D42603471C71547D008114BA /* Build configuration list for PBXProject "StateChanger" */ = {
			isa = XCConfigurationList;
			buildConfigurations = (
				D426035C1C71547D008114BA /* Debug */,
				D426035D1C71547D008114BA /* Release */,
			);
			defaultConfigurationIsVisible = 0;
			defaultConfigurationName = Release;
		};
		D426035E1C71547D008114BA /* Build configuration list for PBXNativeTarget "StateChanger" */ = {
			isa = XCConfigurationList;
			buildConfigurations = (
				D426035F1C71547D008114BA /* Debug */,
				D42603601C71547D008114BA /* Release */,
			);
			defaultConfigurationIsVisible = 0;
			defaultConfigurationName = Release;
		};
/* End XCConfigurationList section */
	};
	rootObject = D42603441C71547D008114BA /* Project object */;
}
